
Microsoft Visual Studio Solution File, Format Version 12.00
# Visual Studio Version 16
VisualStudioVersion = 25.0.1704.2
MinimumVisualStudioVersion = 10.0.40219.1
Project("{FAE04EC0-301F-11D3-BF4B-00C04F79EFBC}") = "Lesson15.1", "Lesson15.1\Lesson15.1.csproj", "{6C443280-0584-42C5-A78A-08E92122E0A8}"
EndProject
Project("{FAE04EC0-301F-11D3-BF4B-00C04F79EFBC}") = "HomeWork15", "HomeWork15\HomeWork15.csproj", "{FC665CED-660D-4F88-A291-282E42FA80DC}"
EndProject
Project("{FAE04EC0-301F-11D3-BF4B-00C04F79EFBC}") = "Lesson16", "Lesson16\Lesson16.csproj", "{CE1FF8CD-E9B2-4B23-8A99-435B6A24FB32}"
EndProject
Project("{FAE04EC0-301F-11D3-BF4B-00C04F79EFBC}") = "HomeWork16", "HomeWork16\HomeWork16.csproj", "{CE3C881C-165F-44CF-B9C8-328C423CFFB2}"
EndProject
Global
	GlobalSection(SolutionConfigurationPlatforms) = preSolution
		Debug|Any CPU = Debug|Any CPU
		Release|Any CPU = Release|Any CPU
	EndGlobalSection
	GlobalSection(ProjectConfigurationPlatforms) = postSolution
		{6C443280-0584-42C5-A78A-08E92122E0A8}.Debug|Any CPU.ActiveCfg = Debug|Any CPU
		{6C443280-0584-42C5-A78A-08E92122E0A8}.Debug|Any CPU.Build.0 = Debug|Any CPU
		{6C443280-0584-42C5-A78A-08E92122E0A8}.Release|Any CPU.ActiveCfg = Release|Any CPU
		{6C443280-0584-42C5-A78A-08E92122E0A8}.Release|Any CPU.Build.0 = Release|Any CPU
		{FC665CED-660D-4F88-A291-282E42FA80DC}.Debug|Any CPU.ActiveCfg = Debug|Any CPU
		{FC665CED-660D-4F88-A291-282E42FA80DC}.Debug|Any CPU.Build.0 = Debug|Any CPU
		{FC665CED-660D-4F88-A291-282E42FA80DC}.Release|Any CPU.ActiveCfg = Release|Any CPU
		{FC665CED-660D-4F88-A291-282E42FA80DC}.Release|Any CPU.Build.0 = Release|Any CPU
		{CE1FF8CD-E9B2-4B23-8A99-435B6A24FB32}.Debug|Any CPU.ActiveCfg = Debug|Any CPU
		{CE1FF8CD-E9B2-4B23-8A99-435B6A24FB32}.Debug|Any CPU.Build.0 = Debug|Any CPU
		{CE1FF8CD-E9B2-4B23-8A99-435B6A24FB32}.Release|Any CPU.ActiveCfg = Release|Any CPU
		{CE1FF8CD-E9B2-4B23-8A99-435B6A24FB32}.Release|Any CPU.Build.0 = Release|Any CPU
		{CE3C881C-165F-44CF-B9C8-328C423CFFB2}.Debug|Any CPU.ActiveCfg = Debug|Any CPU
		{CE3C881C-165F-44CF-B9C8-328C423CFFB2}.Debug|Any CPU.Build.0 = Debug|Any CPU
		{CE3C881C-165F-44CF-B9C8-328C423CFFB2}.Release|Any CPU.ActiveCfg = Release|Any CPU
		{CE3C881C-165F-44CF-B9C8-328C423CFFB2}.Release|Any CPU.Build.0 = Release|Any CPU
	EndGlobalSection
	GlobalSection(SolutionProperties) = preSolution
		HideSolutionNode = FALSE
	EndGlobalSection
	GlobalSection(ExtensibilityGlobals) = postSolution
		SolutionGuid = {63229D10-5A32-4A69-84DC-E65367E114B4}
	EndGlobalSection
EndGlobal
